// !$*UTF8*$!
{
	archiveVersion = 1;
	classes = {
	};
	objectVersion = 46;
	objects = {

/* Begin PBXBuildFile section */
		4E01D58A1CD178200073DBD9 /* SignInViewController.swift in Sources */ = {isa = PBXBuildFile; fileRef = 4E01D5891CD178200073DBD9 /* SignInViewController.swift */; };
		4E0D651C1CD25DFC00E4F336 /* AuthResult.swift in Sources */ = {isa = PBXBuildFile; fileRef = 4E0D651B1CD25DFC00E4F336 /* AuthResult.swift */; };
		4E100AC81CC03E9000AFA37E /* SidebarSplitViewController.swift in Sources */ = {isa = PBXBuildFile; fileRef = 4E100AC71CC03E9000AFA37E /* SidebarSplitViewController.swift */; };
		4E100ACA1CC03FED00AFA37E /* RightPaneSplitViewController.swift in Sources */ = {isa = PBXBuildFile; fileRef = 4E100AC91CC03FED00AFA37E /* RightPaneSplitViewController.swift */; };
		4E100ACC1CC0459100AFA37E /* Preferences.swift in Sources */ = {isa = PBXBuildFile; fileRef = 4E100ACB1CC0459100AFA37E /* Preferences.swift */; };
		4E1CBB871CD40AA3001235DB /* ProviderInfoTests.swift in Sources */ = {isa = PBXBuildFile; fileRef = 4E1CBB861CD40AA3001235DB /* ProviderInfoTests.swift */; };
		4E1CBB891CD40F58001235DB /* LoggingSenderTests.swift in Sources */ = {isa = PBXBuildFile; fileRef = 4E1CBB881CD40F58001235DB /* LoggingSenderTests.swift */; };
		4E223AC51CDA9AFB0035665C /* BootstrapInfoTests.swift in Sources */ = {isa = PBXBuildFile; fileRef = 4E223AC41CDA9AFB0035665C /* BootstrapInfoTests.swift */; };
		4E223AC71CDAAB090035665C /* TokenFetcher.swift in Sources */ = {isa = PBXBuildFile; fileRef = 4E223AC61CDAAB090035665C /* TokenFetcher.swift */; };
		4E223AC91CDAACF30035665C /* TokenResult.swift in Sources */ = {isa = PBXBuildFile; fileRef = 4E223AC81CDAACF30035665C /* TokenResult.swift */; };
		4E267E5F1CD97B3700C8F4D9 /* ConnectionInfoTests.swift in Sources */ = {isa = PBXBuildFile; fileRef = 4E267E5E1CD97B3600C8F4D9 /* ConnectionInfoTests.swift */; };
		4E43AAED1CD02F3900DF044C /* WOPIFlowViewController.swift in Sources */ = {isa = PBXBuildFile; fileRef = 4E43AAEC1CD02F3900DF044C /* WOPIFlowViewController.swift */; };
		4E456F251CCFF9F700E1BE18 /* ConnectionInfo.swift in Sources */ = {isa = PBXBuildFile; fileRef = 4E456F241CCFF9F700E1BE18 /* ConnectionInfo.swift */; };
		4E456F271CD000DF00E1BE18 /* ConnectionsSplitViewController.swift in Sources */ = {isa = PBXBuildFile; fileRef = 4E456F261CD000DF00E1BE18 /* ConnectionsSplitViewController.swift */; };
		4E592BC91CBC867200A67FEF /* ProviderInfo.swift in Sources */ = {isa = PBXBuildFile; fileRef = 4E592BC81CBC867200A67FEF /* ProviderInfo.swift */; };
		4E592BCB1CBC868500A67FEF /* BootstrapInfo.swift in Sources */ = {isa = PBXBuildFile; fileRef = 4E592BCA1CBC868500A67FEF /* BootstrapInfo.swift */; };
		4E592BCD1CBC869500A67FEF /* ClientInfo.swift in Sources */ = {isa = PBXBuildFile; fileRef = 4E592BCC1CBC869500A67FEF /* ClientInfo.swift */; };
		4E6F606C1CC448C600F4F826 /* BootstrapFetcher.swift in Sources */ = {isa = PBXBuildFile; fileRef = 4E6F606B1CC448C600F4F826 /* BootstrapFetcher.swift */; };
		4E8CB5BE1CB759C400769F0D /* AppDelegate.swift in Sources */ = {isa = PBXBuildFile; fileRef = 4E8CB5BD1CB759C400769F0D /* AppDelegate.swift */; };
		4E8CB5C21CB759C400769F0D /* Assets.xcassets in Resources */ = {isa = PBXBuildFile; fileRef = 4E8CB5C11CB759C400769F0D /* Assets.xcassets */; };
		4E8CB5C51CB759C400769F0D /* Main.storyboard in Resources */ = {isa = PBXBuildFile; fileRef = 4E8CB5C31CB759C400769F0D /* Main.storyboard */; };
		4E8CB5DB1CB759C400769F0D /* WOPIAuthUITests.swift in Sources */ = {isa = PBXBuildFile; fileRef = 4E8CB5DA1CB759C400769F0D /* WOPIAuthUITests.swift */; };
		4E9BCBD11CC9D2880051F477 /* AppGlobal.swift in Sources */ = {isa = PBXBuildFile; fileRef = 4E9BCBD01CC9D2880051F477 /* AppGlobal.swift */; };
		4EA2C86A1CD0090D00487818 /* ConnectionsListViewController.swift in Sources */ = {isa = PBXBuildFile; fileRef = 4EA2C8691CD0090D00487818 /* ConnectionsListViewController.swift */; };
		4EA5A3271CCFE1DB00828EE1 /* ProviderViewing.swift in Sources */ = {isa = PBXBuildFile; fileRef = 4EA5A3261CCFE1DB00828EE1 /* ProviderViewing.swift */; };
		4EA620941CBC9EB100D631F4 /* MainWindowController.swift in Sources */ = {isa = PBXBuildFile; fileRef = 4EA620931CBC9EB100D631F4 /* MainWindowController.swift */; };
		4EA620971CBCAB7E00D631F4 /* ProviderDetailsViewController.swift in Sources */ = {isa = PBXBuildFile; fileRef = 4EA620961CBCAB7E00D631F4 /* ProviderDetailsViewController.swift */; };
		4EA620991CBD723200D631F4 /* ProviderListViewController.swift in Sources */ = {isa = PBXBuildFile; fileRef = 4EA620981CBD723200D631F4 /* ProviderListViewController.swift */; };
		4EA6209B1CBD7C2400D631F4 /* ProviderDetailEditing.swift in Sources */ = {isa = PBXBuildFile; fileRef = 4EA6209A1CBD7C2400D631F4 /* ProviderDetailEditing.swift */; };
		4EB2A6421CCA9FDD0054E523 /* LogViewController.swift in Sources */ = {isa = PBXBuildFile; fileRef = 4EB2A6411CCA9FDD0054E523 /* LogViewController.swift */; };
		4EE6D0FF1CD29C640004CD8B /* ConnectionContaining.swift in Sources */ = {isa = PBXBuildFile; fileRef = 4EE6D0FE1CD29C640004CD8B /* ConnectionContaining.swift */; };
		4EF918471CD021FE005A5186 /* ConnectionViewing.swift in Sources */ = {isa = PBXBuildFile; fileRef = 4EF918461CD021FE005A5186 /* ConnectionViewing.swift */; };
		4EF918491CD02306005A5186 /* ConnectionPropertiesViewController.swift in Sources */ = {isa = PBXBuildFile; fileRef = 4EF918481CD02306005A5186 /* ConnectionPropertiesViewController.swift */; };
		4EF9FC2F1CD14A25001C8C57 /* ConnectionCreating.swift in Sources */ = {isa = PBXBuildFile; fileRef = 4EF9FC2E1CD14A25001C8C57 /* ConnectionCreating.swift */; };
/* End PBXBuildFile section */

/* Begin PBXContainerItemProxy section */
		4E8CB5CC1CB759C400769F0D /* PBXContainerItemProxy */ = {
			isa = PBXContainerItemProxy;
			containerPortal = 4E8CB5B21CB759C400769F0D /* Project object */;
			proxyType = 1;
			remoteGlobalIDString = 4E8CB5B91CB759C400769F0D;
			remoteInfo = WOPIAuth;
		};
		4E8CB5D71CB759C400769F0D /* PBXContainerItemProxy */ = {
			isa = PBXContainerItemProxy;
			containerPortal = 4E8CB5B21CB759C400769F0D /* Project object */;
			proxyType = 1;
			remoteGlobalIDString = 4E8CB5B91CB759C400769F0D;
			remoteInfo = WOPIAuth;
		};
/* End PBXContainerItemProxy section */

/* Begin PBXFileReference section */
		4E01D5891CD178200073DBD9 /* SignInViewController.swift */ = {isa = PBXFileReference; fileEncoding = 4; lastKnownFileType = sourcecode.swift; name = SignInViewController.swift; path = WOPIAuth/SignInViewController.swift; sourceTree = "<group>"; };
		4E0D651B1CD25DFC00E4F336 /* AuthResult.swift */ = {isa = PBXFileReference; fileEncoding = 4; lastKnownFileType = sourcecode.swift; path = AuthResult.swift; sourceTree = "<group>"; };
		4E100AC71CC03E9000AFA37E /* SidebarSplitViewController.swift */ = {isa = PBXFileReference; fileEncoding = 4; lastKnownFileType = sourcecode.swift; name = SidebarSplitViewController.swift; path = WOPIAuth/SidebarSplitViewController.swift; sourceTree = "<group>"; };
		4E100AC91CC03FED00AFA37E /* RightPaneSplitViewController.swift */ = {isa = PBXFileReference; fileEncoding = 4; lastKnownFileType = sourcecode.swift; path = RightPaneSplitViewController.swift; sourceTree = "<group>"; };
		4E100ACB1CC0459100AFA37E /* Preferences.swift */ = {isa = PBXFileReference; fileEncoding = 4; lastKnownFileType = sourcecode.swift; path = Preferences.swift; sourceTree = "<group>"; };
		4E1CBB861CD40AA3001235DB /* ProviderInfoTests.swift */ = {isa = PBXFileReference; fileEncoding = 4; lastKnownFileType = sourcecode.swift; path = ProviderInfoTests.swift; sourceTree = "<group>"; };
		4E1CBB881CD40F58001235DB /* LoggingSenderTests.swift */ = {isa = PBXFileReference; fileEncoding = 4; lastKnownFileType = sourcecode.swift; path = LoggingSenderTests.swift; sourceTree = "<group>"; };
		4E223AC41CDA9AFB0035665C /* BootstrapInfoTests.swift */ = {isa = PBXFileReference; fileEncoding = 4; lastKnownFileType = sourcecode.swift; path = BootstrapInfoTests.swift; sourceTree = "<group>"; };
		4E223AC61CDAAB090035665C /* TokenFetcher.swift */ = {isa = PBXFileReference; fileEncoding = 4; lastKnownFileType = sourcecode.swift; path = TokenFetcher.swift; sourceTree = "<group>"; };
		4E223AC81CDAACF30035665C /* TokenResult.swift */ = {isa = PBXFileReference; fileEncoding = 4; lastKnownFileType = sourcecode.swift; path = TokenResult.swift; sourceTree = "<group>"; };
		4E267E5E1CD97B3600C8F4D9 /* ConnectionInfoTests.swift */ = {isa = PBXFileReference; fileEncoding = 4; lastKnownFileType = sourcecode.swift; path = ConnectionInfoTests.swift; sourceTree = "<group>"; };
		4E43AAEC1CD02F3900DF044C /* WOPIFlowViewController.swift */ = {isa = PBXFileReference; fileEncoding = 4; lastKnownFileType = sourcecode.swift; path = WOPIFlowViewController.swift; sourceTree = "<group>"; };
		4E456F241CCFF9F700E1BE18 /* ConnectionInfo.swift */ = {isa = PBXFileReference; fileEncoding = 4; lastKnownFileType = sourcecode.swift; path = ConnectionInfo.swift; sourceTree = "<group>"; };
		4E456F261CD000DF00E1BE18 /* ConnectionsSplitViewController.swift */ = {isa = PBXFileReference; fileEncoding = 4; lastKnownFileType = sourcecode.swift; path = ConnectionsSplitViewController.swift; sourceTree = "<group>"; };
		4E592BC81CBC867200A67FEF /* ProviderInfo.swift */ = {isa = PBXFileReference; fileEncoding = 4; lastKnownFileType = sourcecode.swift; path = ProviderInfo.swift; sourceTree = "<group>"; };
		4E592BCA1CBC868500A67FEF /* BootstrapInfo.swift */ = {isa = PBXFileReference; fileEncoding = 4; lastKnownFileType = sourcecode.swift; path = BootstrapInfo.swift; sourceTree = "<group>"; };
		4E592BCC1CBC869500A67FEF /* ClientInfo.swift */ = {isa = PBXFileReference; fileEncoding = 4; lastKnownFileType = sourcecode.swift; path = ClientInfo.swift; sourceTree = "<group>"; };
		4E6F606B1CC448C600F4F826 /* BootstrapFetcher.swift */ = {isa = PBXFileReference; fileEncoding = 4; lastKnownFileType = sourcecode.swift; name = BootstrapFetcher.swift; path = WOPIAuth/BootstrapFetcher.swift; sourceTree = "<group>"; };
		4E8CB5BA1CB759C400769F0D /* WOPIAuth.app */ = {isa = PBXFileReference; explicitFileType = wrapper.application; includeInIndex = 0; path = WOPIAuth.app; sourceTree = BUILT_PRODUCTS_DIR; };
		4E8CB5BD1CB759C400769F0D /* AppDelegate.swift */ = {isa = PBXFileReference; lastKnownFileType = sourcecode.swift; path = AppDelegate.swift; sourceTree = "<group>"; };
		4E8CB5C11CB759C400769F0D /* Assets.xcassets */ = {isa = PBXFileReference; lastKnownFileType = folder.assetcatalog; path = Assets.xcassets; sourceTree = "<group>"; };
		4E8CB5C41CB759C400769F0D /* Base */ = {isa = PBXFileReference; lastKnownFileType = file.storyboard; name = Base; path = Base.lproj/Main.storyboard; sourceTree = "<group>"; };
		4E8CB5C61CB759C400769F0D /* Info.plist */ = {isa = PBXFileReference; lastKnownFileType = text.plist.xml; path = Info.plist; sourceTree = "<group>"; };
		4E8CB5CB1CB759C400769F0D /* WOPIAuthTests.xctest */ = {isa = PBXFileReference; explicitFileType = wrapper.cfbundle; includeInIndex = 0; path = WOPIAuthTests.xctest; sourceTree = BUILT_PRODUCTS_DIR; };
		4E8CB5D11CB759C400769F0D /* Info.plist */ = {isa = PBXFileReference; lastKnownFileType = text.plist.xml; path = Info.plist; sourceTree = "<group>"; };
		4E8CB5D61CB759C400769F0D /* WOPIAuthUITests.xctest */ = {isa = PBXFileReference; explicitFileType = wrapper.cfbundle; includeInIndex = 0; path = WOPIAuthUITests.xctest; sourceTree = BUILT_PRODUCTS_DIR; };
		4E8CB5DA1CB759C400769F0D /* WOPIAuthUITests.swift */ = {isa = PBXFileReference; lastKnownFileType = sourcecode.swift; path = WOPIAuthUITests.swift; sourceTree = "<group>"; };
		4E8CB5DC1CB759C400769F0D /* Info.plist */ = {isa = PBXFileReference; lastKnownFileType = text.plist.xml; path = Info.plist; sourceTree = "<group>"; };
		4E9BCBD01CC9D2880051F477 /* AppGlobal.swift */ = {isa = PBXFileReference; fileEncoding = 4; lastKnownFileType = sourcecode.swift; path = AppGlobal.swift; sourceTree = "<group>"; };
		4EA2C8691CD0090D00487818 /* ConnectionsListViewController.swift */ = {isa = PBXFileReference; fileEncoding = 4; lastKnownFileType = sourcecode.swift; path = ConnectionsListViewController.swift; sourceTree = "<group>"; };
		4EA5A3261CCFE1DB00828EE1 /* ProviderViewing.swift */ = {isa = PBXFileReference; fileEncoding = 4; lastKnownFileType = sourcecode.swift; name = ProviderViewing.swift; path = ../ProviderViewing.swift; sourceTree = "<group>"; };
		4EA620931CBC9EB100D631F4 /* MainWindowController.swift */ = {isa = PBXFileReference; fileEncoding = 4; lastKnownFileType = sourcecode.swift; name = MainWindowController.swift; path = WOPIAuth/MainWindowController.swift; sourceTree = "<group>"; };
		4EA620961CBCAB7E00D631F4 /* ProviderDetailsViewController.swift */ = {isa = PBXFileReference; fileEncoding = 4; lastKnownFileType = sourcecode.swift; path = ProviderDetailsViewController.swift; sourceTree = "<group>"; };
		4EA620981CBD723200D631F4 /* ProviderListViewController.swift */ = {isa = PBXFileReference; fileEncoding = 4; lastKnownFileType = sourcecode.swift; path = ProviderListViewController.swift; sourceTree = "<group>"; };
		4EA6209A1CBD7C2400D631F4 /* ProviderDetailEditing.swift */ = {isa = PBXFileReference; fileEncoding = 4; lastKnownFileType = sourcecode.swift; name = ProviderDetailEditing.swift; path = ../ProviderDetailEditing.swift; sourceTree = "<group>"; };
		4EB2A6411CCA9FDD0054E523 /* LogViewController.swift */ = {isa = PBXFileReference; fileEncoding = 4; lastKnownFileType = sourcecode.swift; path = LogViewController.swift; sourceTree = "<group>"; };
		4EE6D0FE1CD29C640004CD8B /* ConnectionContaining.swift */ = {isa = PBXFileReference; fileEncoding = 4; lastKnownFileType = sourcecode.swift; path = ConnectionContaining.swift; sourceTree = "<group>"; };
		4EF918461CD021FE005A5186 /* ConnectionViewing.swift */ = {isa = PBXFileReference; fileEncoding = 4; lastKnownFileType = sourcecode.swift; path = ConnectionViewing.swift; sourceTree = "<group>"; };
		4EF918481CD02306005A5186 /* ConnectionPropertiesViewController.swift */ = {isa = PBXFileReference; fileEncoding = 4; lastKnownFileType = sourcecode.swift; path = ConnectionPropertiesViewController.swift; sourceTree = "<group>"; };
		4EF9FC2E1CD14A25001C8C57 /* ConnectionCreating.swift */ = {isa = PBXFileReference; fileEncoding = 4; lastKnownFileType = sourcecode.swift; path = ConnectionCreating.swift; sourceTree = "<group>"; };
/* End PBXFileReference section */

/* Begin PBXFrameworksBuildPhase section */
		4E8CB5B71CB759C400769F0D /* Frameworks */ = {
			isa = PBXFrameworksBuildPhase;
			buildActionMask = 2147483647;
			files = (
			);
			runOnlyForDeploymentPostprocessing = 0;
		};
		4E8CB5C81CB759C400769F0D /* Frameworks */ = {
			isa = PBXFrameworksBuildPhase;
			buildActionMask = 2147483647;
			files = (
			);
			runOnlyForDeploymentPostprocessing = 0;
		};
		4E8CB5D31CB759C400769F0D /* Frameworks */ = {
			isa = PBXFrameworksBuildPhase;
			buildActionMask = 2147483647;
			files = (
			);
			runOnlyForDeploymentPostprocessing = 0;
		};
/* End PBXFrameworksBuildPhase section */

/* Begin PBXGroup section */
		4E592BC71CBC865E00A67FEF /* Model */ = {
			isa = PBXGroup;
			children = (
				4E592BCC1CBC869500A67FEF /* ClientInfo.swift */,
				4E592BCA1CBC868500A67FEF /* BootstrapInfo.swift */,
				4E6F606B1CC448C600F4F826 /* BootstrapFetcher.swift */,
				4E592BC81CBC867200A67FEF /* ProviderInfo.swift */,
				4E100ACB1CC0459100AFA37E /* Preferences.swift */,
				4E456F241CCFF9F700E1BE18 /* ConnectionInfo.swift */,
				4E0D651B1CD25DFC00E4F336 /* AuthResult.swift */,
				4E223AC61CDAAB090035665C /* TokenFetcher.swift */,
				4E223AC81CDAACF30035665C /* TokenResult.swift */,
			);
			name = Model;
			path = ..;
			sourceTree = "<group>";
		};
		4E8CB5B11CB759C400769F0D = {
			isa = PBXGroup;
			children = (
				4E8CB5BC1CB759C400769F0D /* WOPIAuth */,
				4E8CB5CE1CB759C400769F0D /* WOPIAuthTests */,
				4E8CB5D91CB759C400769F0D /* WOPIAuthUITests */,
				4E8CB5BB1CB759C400769F0D /* Products */,
			);
			sourceTree = "<group>";
		};
		4E8CB5BB1CB759C400769F0D /* Products */ = {
			isa = PBXGroup;
			children = (
				4E8CB5BA1CB759C400769F0D /* WOPIAuth.app */,
				4E8CB5CB1CB759C400769F0D /* WOPIAuthTests.xctest */,
				4E8CB5D61CB759C400769F0D /* WOPIAuthUITests.xctest */,
			);
			name = Products;
			sourceTree = "<group>";
		};
		4E8CB5BC1CB759C400769F0D /* WOPIAuth */ = {
			isa = PBXGroup;
			children = (
				4EB2A6451CCACC750054E523 /* Helpers */,
				4E592BC71CBC865E00A67FEF /* Model */,
				4EA620951CBCAB1200D631F4 /* Controller */,
				4EA5A3281CCFE23D00828EE1 /* Protocols */,
				4E8CB5C11CB759C400769F0D /* Assets.xcassets */,
				4E8CB5C31CB759C400769F0D /* Main.storyboard */,
				4E8CB5C61CB759C400769F0D /* Info.plist */,
			);
			path = WOPIAuth;
			sourceTree = "<group>";
		};
		4E8CB5CE1CB759C400769F0D /* WOPIAuthTests */ = {
			isa = PBXGroup;
			children = (
				4E8CB5D11CB759C400769F0D /* Info.plist */,
				4E1CBB861CD40AA3001235DB /* ProviderInfoTests.swift */,
				4E1CBB881CD40F58001235DB /* LoggingSenderTests.swift */,
				4E267E5E1CD97B3600C8F4D9 /* ConnectionInfoTests.swift */,
				4E223AC41CDA9AFB0035665C /* BootstrapInfoTests.swift */,
			);
			path = WOPIAuthTests;
			sourceTree = "<group>";
		};
		4E8CB5D91CB759C400769F0D /* WOPIAuthUITests */ = {
			isa = PBXGroup;
			children = (
				4E8CB5DA1CB759C400769F0D /* WOPIAuthUITests.swift */,
				4E8CB5DC1CB759C400769F0D /* Info.plist */,
			);
			path = WOPIAuthUITests;
			sourceTree = "<group>";
		};
		4EA5A3281CCFE23D00828EE1 /* Protocols */ = {
			isa = PBXGroup;
			children = (
				4EA5A3261CCFE1DB00828EE1 /* ProviderViewing.swift */,
				4EA6209A1CBD7C2400D631F4 /* ProviderDetailEditing.swift */,
				4EF918461CD021FE005A5186 /* ConnectionViewing.swift */,
				4EF9FC2E1CD14A25001C8C57 /* ConnectionCreating.swift */,
				4EE6D0FE1CD29C640004CD8B /* ConnectionContaining.swift */,
			);
			name = Protocols;
			sourceTree = "<group>";
		};
		4EA620951CBCAB1200D631F4 /* Controller */ = {
			isa = PBXGroup;
			children = (
				4EA620931CBC9EB100D631F4 /* MainWindowController.swift */,
				4EA620961CBCAB7E00D631F4 /* ProviderDetailsViewController.swift */,
				4EA620981CBD723200D631F4 /* ProviderListViewController.swift */,
				4E100AC91CC03FED00AFA37E /* RightPaneSplitViewController.swift */,
				4E100AC71CC03E9000AFA37E /* SidebarSplitViewController.swift */,
				4EB2A6411CCA9FDD0054E523 /* LogViewController.swift */,
				4E456F261CD000DF00E1BE18 /* ConnectionsSplitViewController.swift */,
				4EA2C8691CD0090D00487818 /* ConnectionsListViewController.swift */,
				4EF918481CD02306005A5186 /* ConnectionPropertiesViewController.swift */,
				4E43AAEC1CD02F3900DF044C /* WOPIFlowViewController.swift */,
				4E01D5891CD178200073DBD9 /* SignInViewController.swift */,
			);
			name = Controller;
			path = ..;
			sourceTree = "<group>";
		};
		4EB2A6451CCACC750054E523 /* Helpers */ = {
			isa = PBXGroup;
			children = (
				4E9BCBD01CC9D2880051F477 /* AppGlobal.swift */,
				4E8CB5BD1CB759C400769F0D /* AppDelegate.swift */,
			);
			name = Helpers;
			sourceTree = "<group>";
		};
/* End PBXGroup section */

/* Begin PBXNativeTarget section */
		4E8CB5B91CB759C400769F0D /* WOPIAuth */ = {
			isa = PBXNativeTarget;
			buildConfigurationList = 4E8CB5DF1CB759C400769F0D /* Build configuration list for PBXNativeTarget "WOPIAuth" */;
			buildPhases = (
				4E8CB5B61CB759C400769F0D /* Sources */,
				4E8CB5B71CB759C400769F0D /* Frameworks */,
				4E8CB5B81CB759C400769F0D /* Resources */,
			);
			buildRules = (
			);
			dependencies = (
			);
			name = WOPIAuth;
			productName = WOPIAuth;
			productReference = 4E8CB5BA1CB759C400769F0D /* WOPIAuth.app */;
			productType = "com.apple.product-type.application";
		};
		4E8CB5CA1CB759C400769F0D /* WOPIAuthTests */ = {
			isa = PBXNativeTarget;
			buildConfigurationList = 4E8CB5E21CB759C400769F0D /* Build configuration list for PBXNativeTarget "WOPIAuthTests" */;
			buildPhases = (
				4E8CB5C71CB759C400769F0D /* Sources */,
				4E8CB5C81CB759C400769F0D /* Frameworks */,
				4E8CB5C91CB759C400769F0D /* Resources */,
			);
			buildRules = (
			);
			dependencies = (
				4E8CB5CD1CB759C400769F0D /* PBXTargetDependency */,
			);
			name = WOPIAuthTests;
			productName = WOPIAuthTests;
			productReference = 4E8CB5CB1CB759C400769F0D /* WOPIAuthTests.xctest */;
			productType = "com.apple.product-type.bundle.unit-test";
		};
		4E8CB5D51CB759C400769F0D /* WOPIAuthUITests */ = {
			isa = PBXNativeTarget;
			buildConfigurationList = 4E8CB5E51CB759C400769F0D /* Build configuration list for PBXNativeTarget "WOPIAuthUITests" */;
			buildPhases = (
				4E8CB5D21CB759C400769F0D /* Sources */,
				4E8CB5D31CB759C400769F0D /* Frameworks */,
				4E8CB5D41CB759C400769F0D /* Resources */,
			);
			buildRules = (
			);
			dependencies = (
				4E8CB5D81CB759C400769F0D /* PBXTargetDependency */,
			);
			name = WOPIAuthUITests;
			productName = WOPIAuthUITests;
			productReference = 4E8CB5D61CB759C400769F0D /* WOPIAuthUITests.xctest */;
			productType = "com.apple.product-type.bundle.ui-testing";
		};
/* End PBXNativeTarget section */

/* Begin PBXProject section */
		4E8CB5B21CB759C400769F0D /* Project object */ = {
			isa = PBXProject;
			attributes = {
				LastSwiftUpdateCheck = 0730;
				LastUpgradeCheck = 0730;
				ORGANIZATIONNAME = "Gary Ritchie";
				TargetAttributes = {
					4E8CB5B91CB759C400769F0D = {
						CreatedOnToolsVersion = 7.3;
					};
					4E8CB5CA1CB759C400769F0D = {
						CreatedOnToolsVersion = 7.3;
						TestTargetID = 4E8CB5B91CB759C400769F0D;
					};
					4E8CB5D51CB759C400769F0D = {
						CreatedOnToolsVersion = 7.3;
						TestTargetID = 4E8CB5B91CB759C400769F0D;
					};
				};
			};
			buildConfigurationList = 4E8CB5B51CB759C400769F0D /* Build configuration list for PBXProject "WOPIAuth" */;
			compatibilityVersion = "Xcode 3.2";
			developmentRegion = English;
			hasScannedForEncodings = 0;
			knownRegions = (
				en,
				Base,
			);
			mainGroup = 4E8CB5B11CB759C400769F0D;
			productRefGroup = 4E8CB5BB1CB759C400769F0D /* Products */;
			projectDirPath = "";
			projectRoot = "";
			targets = (
				4E8CB5B91CB759C400769F0D /* WOPIAuth */,
				4E8CB5CA1CB759C400769F0D /* WOPIAuthTests */,
				4E8CB5D51CB759C400769F0D /* WOPIAuthUITests */,
			);
		};
/* End PBXProject section */

/* Begin PBXResourcesBuildPhase section */
		4E8CB5B81CB759C400769F0D /* Resources */ = {
			isa = PBXResourcesBuildPhase;
			buildActionMask = 2147483647;
			files = (
				4E8CB5C21CB759C400769F0D /* Assets.xcassets in Resources */,
				4E8CB5C51CB759C400769F0D /* Main.storyboard in Resources */,
			);
			runOnlyForDeploymentPostprocessing = 0;
		};
		4E8CB5C91CB759C400769F0D /* Resources */ = {
			isa = PBXResourcesBuildPhase;
			buildActionMask = 2147483647;
			files = (
			);
			runOnlyForDeploymentPostprocessing = 0;
		};
		4E8CB5D41CB759C400769F0D /* Resources */ = {
			isa = PBXResourcesBuildPhase;
			buildActionMask = 2147483647;
			files = (
			);
			runOnlyForDeploymentPostprocessing = 0;
		};
/* End PBXResourcesBuildPhase section */

/* Begin PBXSourcesBuildPhase section */
		4E8CB5B61CB759C400769F0D /* Sources */ = {
			isa = PBXSourcesBuildPhase;
			buildActionMask = 2147483647;
			files = (
				4E100ACA1CC03FED00AFA37E /* RightPaneSplitViewController.swift in Sources */,
				4EE6D0FF1CD29C640004CD8B /* ConnectionContaining.swift in Sources */,
				4E100AC81CC03E9000AFA37E /* SidebarSplitViewController.swift in Sources */,
				4E592BCB1CBC868500A67FEF /* BootstrapInfo.swift in Sources */,
				4EA5A3271CCFE1DB00828EE1 /* ProviderViewing.swift in Sources */,
				4EA620991CBD723200D631F4 /* ProviderListViewController.swift in Sources */,
				4EF9FC2F1CD14A25001C8C57 /* ConnectionCreating.swift in Sources */,
				4EA6209B1CBD7C2400D631F4 /* ProviderDetailEditing.swift in Sources */,
				4EB2A6421CCA9FDD0054E523 /* LogViewController.swift in Sources */,
				4E592BC91CBC867200A67FEF /* ProviderInfo.swift in Sources */,
				4E9BCBD11CC9D2880051F477 /* AppGlobal.swift in Sources */,
				4EA620971CBCAB7E00D631F4 /* ProviderDetailsViewController.swift in Sources */,
				4E43AAED1CD02F3900DF044C /* WOPIFlowViewController.swift in Sources */,
				4E223AC71CDAAB090035665C /* TokenFetcher.swift in Sources */,
				4EF918471CD021FE005A5186 /* ConnectionViewing.swift in Sources */,
				4E100ACC1CC0459100AFA37E /* Preferences.swift in Sources */,
				4E6F606C1CC448C600F4F826 /* BootstrapFetcher.swift in Sources */,
				4EA2C86A1CD0090D00487818 /* ConnectionsListViewController.swift in Sources */,
				4E0D651C1CD25DFC00E4F336 /* AuthResult.swift in Sources */,
				4E592BCD1CBC869500A67FEF /* ClientInfo.swift in Sources */,
				4E8CB5BE1CB759C400769F0D /* AppDelegate.swift in Sources */,
				4E456F271CD000DF00E1BE18 /* ConnectionsSplitViewController.swift in Sources */,
				4E01D58A1CD178200073DBD9 /* SignInViewController.swift in Sources */,
				4E456F251CCFF9F700E1BE18 /* ConnectionInfo.swift in Sources */,
				4EF918491CD02306005A5186 /* ConnectionPropertiesViewController.swift in Sources */,
				4EA620941CBC9EB100D631F4 /* MainWindowController.swift in Sources */,
				4E223AC91CDAACF30035665C /* TokenResult.swift in Sources */,
			);
			runOnlyForDeploymentPostprocessing = 0;
		};
		4E8CB5C71CB759C400769F0D /* Sources */ = {
			isa = PBXSourcesBuildPhase;
			buildActionMask = 2147483647;
			files = (
				4E223AC51CDA9AFB0035665C /* BootstrapInfoTests.swift in Sources */,
				4E1CBB871CD40AA3001235DB /* ProviderInfoTests.swift in Sources */,
				4E267E5F1CD97B3700C8F4D9 /* ConnectionInfoTests.swift in Sources */,
				4E1CBB891CD40F58001235DB /* LoggingSenderTests.swift in Sources */,
			);
			runOnlyForDeploymentPostprocessing = 0;
		};
		4E8CB5D21CB759C400769F0D /* Sources */ = {
			isa = PBXSourcesBuildPhase;
			buildActionMask = 2147483647;
			files = (
				4E8CB5DB1CB759C400769F0D /* WOPIAuthUITests.swift in Sources */,
			);
			runOnlyForDeploymentPostprocessing = 0;
		};
/* End PBXSourcesBuildPhase section */

/* Begin PBXTargetDependency section */
		4E8CB5CD1CB759C400769F0D /* PBXTargetDependency */ = {
			isa = PBXTargetDependency;
			target = 4E8CB5B91CB759C400769F0D /* WOPIAuth */;
			targetProxy = 4E8CB5CC1CB759C400769F0D /* PBXContainerItemProxy */;
		};
		4E8CB5D81CB759C400769F0D /* PBXTargetDependency */ = {
			isa = PBXTargetDependency;
			target = 4E8CB5B91CB759C400769F0D /* WOPIAuth */;
			targetProxy = 4E8CB5D71CB759C400769F0D /* PBXContainerItemProxy */;
		};
/* End PBXTargetDependency section */

/* Begin PBXVariantGroup section */
		4E8CB5C31CB759C400769F0D /* Main.storyboard */ = {
			isa = PBXVariantGroup;
			children = (
				4E8CB5C41CB759C400769F0D /* Base */,
			);
			name = Main.storyboard;
			sourceTree = "<group>";
		};
/* End PBXVariantGroup section */

/* Begin XCBuildConfiguration section */
		4E8CB5DD1CB759C400769F0D /* Debug */ = {
			isa = XCBuildConfiguration;
			buildSettings = {
				ALWAYS_SEARCH_USER_PATHS = NO;
				CLANG_ANALYZER_NONNULL = YES;
				CLANG_CXX_LANGUAGE_STANDARD = "gnu++0x";
				CLANG_CXX_LIBRARY = "libc++";
				CLANG_ENABLE_MODULES = YES;
				CLANG_ENABLE_OBJC_ARC = YES;
				CLANG_WARN_BOOL_CONVERSION = YES;
				CLANG_WARN_CONSTANT_CONVERSION = YES;
				CLANG_WARN_DIRECT_OBJC_ISA_USAGE = YES_ERROR;
				CLANG_WARN_EMPTY_BODY = YES;
				CLANG_WARN_ENUM_CONVERSION = YES;
				CLANG_WARN_INT_CONVERSION = YES;
				CLANG_WARN_OBJC_ROOT_CLASS = YES_ERROR;
				CLANG_WARN_UNREACHABLE_CODE = YES;
				CLANG_WARN__DUPLICATE_METHOD_MATCH = YES;
				CODE_SIGN_IDENTITY = "-";
				COPY_PHASE_STRIP = NO;
				DEBUG_INFORMATION_FORMAT = dwarf;
				ENABLE_STRICT_OBJC_MSGSEND = YES;
				ENABLE_TESTABILITY = YES;
				GCC_C_LANGUAGE_STANDARD = gnu99;
				GCC_DYNAMIC_NO_PIC = NO;
				GCC_NO_COMMON_BLOCKS = YES;
				GCC_OPTIMIZATION_LEVEL = 0;
				GCC_PREPROCESSOR_DEFINITIONS = (
					"DEBUG=1",
					"$(inherited)",
				);
				GCC_WARN_64_TO_32_BIT_CONVERSION = YES;
				GCC_WARN_ABOUT_RETURN_TYPE = YES_ERROR;
				GCC_WARN_UNDECLARED_SELECTOR = YES;
				GCC_WARN_UNINITIALIZED_AUTOS = YES_AGGRESSIVE;
				GCC_WARN_UNUSED_FUNCTION = YES;
				GCC_WARN_UNUSED_VARIABLE = YES;
				MACOSX_DEPLOYMENT_TARGET = 10.11;
				MTL_ENABLE_DEBUG_INFO = YES;
				ONLY_ACTIVE_ARCH = YES;
				SDKROOT = macosx;
				SWIFT_OPTIMIZATION_LEVEL = "-Onone";
			};
			name = Debug;
		};
		4E8CB5DE1CB759C400769F0D /* Release */ = {
			isa = XCBuildConfiguration;
			buildSettings = {
				ALWAYS_SEARCH_USER_PATHS = NO;
				CLANG_ANALYZER_NONNULL = YES;
				CLANG_CXX_LANGUAGE_STANDARD = "gnu++0x";
				CLANG_CXX_LIBRARY = "libc++";
				CLANG_ENABLE_MODULES = YES;
				CLANG_ENABLE_OBJC_ARC = YES;
				CLANG_WARN_BOOL_CONVERSION = YES;
				CLANG_WARN_CONSTANT_CONVERSION = YES;
				CLANG_WARN_DIRECT_OBJC_ISA_USAGE = YES_ERROR;
				CLANG_WARN_EMPTY_BODY = YES;
				CLANG_WARN_ENUM_CONVERSION = YES;
				CLANG_WARN_INT_CONVERSION = YES;
				CLANG_WARN_OBJC_ROOT_CLASS = YES_ERROR;
				CLANG_WARN_UNREACHABLE_CODE = YES;
				CLANG_WARN__DUPLICATE_METHOD_MATCH = YES;
				CODE_SIGN_IDENTITY = "-";
				COPY_PHASE_STRIP = NO;
				DEBUG_INFORMATION_FORMAT = "dwarf-with-dsym";
				ENABLE_NS_ASSERTIONS = NO;
				ENABLE_STRICT_OBJC_MSGSEND = YES;
				GCC_C_LANGUAGE_STANDARD = gnu99;
				GCC_NO_COMMON_BLOCKS = YES;
				GCC_WARN_64_TO_32_BIT_CONVERSION = YES;
				GCC_WARN_ABOUT_RETURN_TYPE = YES_ERROR;
				GCC_WARN_UNDECLARED_SELECTOR = YES;
				GCC_WARN_UNINITIALIZED_AUTOS = YES_AGGRESSIVE;
				GCC_WARN_UNUSED_FUNCTION = YES;
				GCC_WARN_UNUSED_VARIABLE = YES;
				MACOSX_DEPLOYMENT_TARGET = 10.11;
				MTL_ENABLE_DEBUG_INFO = NO;
				SDKROOT = macosx;
			};
			name = Release;
		};
		4E8CB5E01CB759C400769F0D /* Debug */ = {
			isa = XCBuildConfiguration;
			buildSettings = {
				ASSETCATALOG_COMPILER_APPICON_NAME = AppIcon;
				COMBINE_HIDPI_IMAGES = YES;
				INFOPLIST_FILE = WOPIAuth/Info.plist;
				LD_RUNPATH_SEARCH_PATHS = "$(inherited) @executable_path/../Frameworks";
				MACOSX_DEPLOYMENT_TARGET = 10.11;
				PRODUCT_BUNDLE_IDENTIFIER = com.microsoft.office.WOPIAuth;
				PRODUCT_NAME = "$(TARGET_NAME)";
			};
			name = Debug;
		};
		4E8CB5E11CB759C400769F0D /* Release */ = {
			isa = XCBuildConfiguration;
			buildSettings = {
				ASSETCATALOG_COMPILER_APPICON_NAME = AppIcon;
				COMBINE_HIDPI_IMAGES = YES;
				INFOPLIST_FILE = WOPIAuth/Info.plist;
				LD_RUNPATH_SEARCH_PATHS = "$(inherited) @executable_path/../Frameworks";
				MACOSX_DEPLOYMENT_TARGET = 10.11;
				PRODUCT_BUNDLE_IDENTIFIER = com.microsoft.office.WOPIAuth;
				PRODUCT_NAME = "$(TARGET_NAME)";
			};
			name = Release;
		};
		4E8CB5E31CB759C400769F0D /* Debug */ = {
			isa = XCBuildConfiguration;
			buildSettings = {
				BUNDLE_LOADER = "$(TEST_HOST)";
				COMBINE_HIDPI_IMAGES = YES;
				INFOPLIST_FILE = WOPIAuthTests/Info.plist;
				LD_RUNPATH_SEARCH_PATHS = "$(inherited) @executable_path/../Frameworks @loader_path/../Frameworks";
				PRODUCT_BUNDLE_IDENTIFIER = com.microsoft.office.WOPIAuthTests;
				PRODUCT_NAME = "$(TARGET_NAME)";
				TEST_HOST = "$(BUILT_PRODUCTS_DIR)/WOPIAuth.app/Contents/MacOS/WOPIAuth";
			};
			name = Debug;
		};
		4E8CB5E41CB759C400769F0D /* Release */ = {
			isa = XCBuildConfiguration;
			buildSettings = {
				BUNDLE_LOADER = "$(TEST_HOST)";
				COMBINE_HIDPI_IMAGES = YES;
				INFOPLIST_FILE = WOPIAuthTests/Info.plist;
				LD_RUNPATH_SEARCH_PATHS = "$(inherited) @executable_path/../Frameworks @loader_path/../Frameworks";
				PRODUCT_BUNDLE_IDENTIFIER = com.microsoft.office.WOPIAuthTests;
				PRODUCT_NAME = "$(TARGET_NAME)";
				TEST_HOST = "$(BUILT_PRODUCTS_DIR)/WOPIAuth.app/Contents/MacOS/WOPIAuth";
			};
			name = Release;
		};
		4E8CB5E61CB759C400769F0D /* Debug */ = {
			isa = XCBuildConfiguration;
			buildSettings = {
				COMBINE_HIDPI_IMAGES = YES;
				INFOPLIST_FILE = WOPIAuthUITests/Info.plist;
				LD_RUNPATH_SEARCH_PATHS = "$(inherited) @executable_path/../Frameworks @loader_path/../Frameworks";
				PRODUCT_BUNDLE_IDENTIFIER = com.microsoft.office.WOPIAuthUITests;
				PRODUCT_NAME = "$(TARGET_NAME)";
				TEST_TARGET_NAME = WOPIAuth;
			};
			name = Debug;
		};
		4E8CB5E71CB759C400769F0D /* Release */ = {
			isa = XCBuildConfiguration;
			buildSettings = {
				COMBINE_HIDPI_IMAGES = YES;
				INFOPLIST_FILE = WOPIAuthUITests/Info.plist;
				LD_RUNPATH_SEARCH_PATHS = "$(inherited) @executable_path/../Frameworks @loader_path/../Frameworks";
				PRODUCT_BUNDLE_IDENTIFIER = com.microsoft.office.WOPIAuthUITests;
				PRODUCT_NAME = "$(TARGET_NAME)";
				TEST_TARGET_NAME = WOPIAuth;
			};
			name = Release;
		};
/* End XCBuildConfiguration section */

/* Begin XCConfigurationList section */
		4E8CB5B51CB759C400769F0D /* Build configuration list for PBXProject "WOPIAuth" */ = {
			isa = XCConfigurationList;
			buildConfigurations = (
				4E8CB5DD1CB759C400769F0D /* Debug */,
				4E8CB5DE1CB759C400769F0D /* Release */,
			);
			defaultConfigurationIsVisible = 0;
			defaultConfigurationName = Release;
		};
		4E8CB5DF1CB759C400769F0D /* Build configuration list for PBXNativeTarget "WOPIAuth" */ = {
			isa = XCConfigurationList;
			buildConfigurations = (
				4E8CB5E01CB759C400769F0D /* Debug */,
				4E8CB5E11CB759C400769F0D /* Release */,
			);
			defaultConfigurationIsVisible = 0;
			defaultConfigurationName = Release;
		};
		4E8CB5E21CB759C400769F0D /* Build configuration list for PBXNativeTarget "WOPIAuthTests" */ = {
			isa = XCConfigurationList;
			buildConfigurations = (
				4E8CB5E31CB759C400769F0D /* Debug */,
				4E8CB5E41CB759C400769F0D /* Release */,
			);
			defaultConfigurationIsVisible = 0;
			defaultConfigurationName = Release;
		};
		4E8CB5E51CB759C400769F0D /* Build configuration list for PBXNativeTarget "WOPIAuthUITests" */ = {
			isa = XCConfigurationList;
			buildConfigurations = (
				4E8CB5E61CB759C400769F0D /* Debug */,
				4E8CB5E71CB759C400769F0D /* Release */,
			);
			defaultConfigurationIsVisible = 0;
			defaultConfigurationName = Release;
		};
/* End XCConfigurationList section */
	};
	rootObject = 4E8CB5B21CB759C400769F0D /* Project object */;
}
