// !$*UTF8*$!
{
	archiveVersion = 1;
	classes = {
	};
	objectVersion = 47;
	objects = {

/* Begin PBXBuildFile section */
		4E01D58A1CD178200073DBD9 /* SignInViewController.swift in Sources */ = {isa = PBXBuildFile; fileRef = 4E01D5891CD178200073DBD9 /* SignInViewController.swift */; };
		4E100AC81CC03E9000AFA37E /* SidebarSplitViewController.swift in Sources */ = {isa = PBXBuildFile; fileRef = 4E100AC71CC03E9000AFA37E /* SidebarSplitViewController.swift */; };
		4E1CBB871CD40AA3001235DB /* ProviderInfoTests.swift in Sources */ = {isa = PBXBuildFile; fileRef = 4E1CBB861CD40AA3001235DB /* ProviderInfoTests.swift */; };
		4E1CBB891CD40F58001235DB /* LoggingSenderTests.swift in Sources */ = {isa = PBXBuildFile; fileRef = 4E1CBB881CD40F58001235DB /* LoggingSenderTests.swift */; };
		4E223AC51CDA9AFB0035665C /* BootstrapInfoTests.swift in Sources */ = {isa = PBXBuildFile; fileRef = 4E223AC41CDA9AFB0035665C /* BootstrapInfoTests.swift */; };
		4E267E5F1CD97B3700C8F4D9 /* ConnectionInfoTests.swift in Sources */ = {isa = PBXBuildFile; fileRef = 4E267E5E1CD97B3600C8F4D9 /* ConnectionInfoTests.swift */; };
		4E4767941CECF3BE002C982D /* ProviderDetailEditingView.swift in Sources */ = {isa = PBXBuildFile; fileRef = 4E4767931CECF3BE002C982D /* ProviderDetailEditingView.swift */; };
		4E64FE421D04B7470034E235 /* AuthResult.swift in Sources */ = {isa = PBXBuildFile; fileRef = 4E64FE2D1D04B7470034E235 /* AuthResult.swift */; };
		4E64FE431D04B7470034E235 /* ClientInfo.swift in Sources */ = {isa = PBXBuildFile; fileRef = 4E64FE2E1D04B7470034E235 /* ClientInfo.swift */; };
		4E64FE441D04B7470034E235 /* ConnectionDetailsViewController.swift in Sources */ = {isa = PBXBuildFile; fileRef = 4E64FE2F1D04B7470034E235 /* ConnectionDetailsViewController.swift */; };
		4E64FE451D04B7470034E235 /* ConnectionInfo.swift in Sources */ = {isa = PBXBuildFile; fileRef = 4E64FE301D04B7470034E235 /* ConnectionInfo.swift */; };
		4E64FE461D04B7470034E235 /* ConnectionsListViewController.swift in Sources */ = {isa = PBXBuildFile; fileRef = 4E64FE311D04B7470034E235 /* ConnectionsListViewController.swift */; };
		4E64FE471D04B7470034E235 /* ConnectionsSplitViewController.swift in Sources */ = {isa = PBXBuildFile; fileRef = 4E64FE321D04B7470034E235 /* ConnectionsSplitViewController.swift */; };
		4E64FE481D04B7470034E235 /* Fetcher.swift in Sources */ = {isa = PBXBuildFile; fileRef = 4E64FE331D04B7470034E235 /* Fetcher.swift */; };
		4E64FE491D04B7470034E235 /* LogViewController.swift in Sources */ = {isa = PBXBuildFile; fileRef = 4E64FE341D04B7470034E235 /* LogViewController.swift */; };
		4E64FE4A1D04B7470034E235 /* ModelInfo.swift in Sources */ = {isa = PBXBuildFile; fileRef = 4E64FE351D04B7470034E235 /* ModelInfo.swift */; };
		4E64FE4B1D04B7470034E235 /* Preferences.swift in Sources */ = {isa = PBXBuildFile; fileRef = 4E64FE361D04B7470034E235 /* Preferences.swift */; };
		4E64FE4C1D04B7470034E235 /* ProfileFetcher.swift in Sources */ = {isa = PBXBuildFile; fileRef = 4E64FE371D04B7470034E235 /* ProfileFetcher.swift */; };
		4E64FE4D1D04B7470034E235 /* ProfileResult.swift in Sources */ = {isa = PBXBuildFile; fileRef = 4E64FE381D04B7470034E235 /* ProfileResult.swift */; };
		4E64FE4E1D04B7470034E235 /* ProviderDetailEditing.swift in Sources */ = {isa = PBXBuildFile; fileRef = 4E64FE391D04B7470034E235 /* ProviderDetailEditing.swift */; };
		4E64FE4F1D04B7470034E235 /* ProviderDetailsViewController.swift in Sources */ = {isa = PBXBuildFile; fileRef = 4E64FE3A1D04B7470034E235 /* ProviderDetailsViewController.swift */; };
		4E64FE501D04B7470034E235 /* ProviderInfo.swift in Sources */ = {isa = PBXBuildFile; fileRef = 4E64FE3B1D04B7470034E235 /* ProviderInfo.swift */; };
		4E64FE511D04B7470034E235 /* ProviderListViewController.swift in Sources */ = {isa = PBXBuildFile; fileRef = 4E64FE3C1D04B7470034E235 /* ProviderListViewController.swift */; };
		4E64FE521D04B7470034E235 /* ProviderViewing.swift in Sources */ = {isa = PBXBuildFile; fileRef = 4E64FE3D1D04B7470034E235 /* ProviderViewing.swift */; };
		4E64FE531D04B7470034E235 /* RightPaneSplitViewController.swift in Sources */ = {isa = PBXBuildFile; fileRef = 4E64FE3E1D04B7470034E235 /* RightPaneSplitViewController.swift */; };
		4E64FE541D04B7470034E235 /* TokenFetcher.swift in Sources */ = {isa = PBXBuildFile; fileRef = 4E64FE3F1D04B7470034E235 /* TokenFetcher.swift */; };
		4E64FE551D04B7470034E235 /* TokenResult.swift in Sources */ = {isa = PBXBuildFile; fileRef = 4E64FE401D04B7470034E235 /* TokenResult.swift */; };
		4E64FE561D04B7470034E235 /* WOPIFlowViewController.swift in Sources */ = {isa = PBXBuildFile; fileRef = 4E64FE411D04B7470034E235 /* WOPIFlowViewController.swift */; };
		4E6F606C1CC448C600F4F826 /* BootstrapFetcher.swift in Sources */ = {isa = PBXBuildFile; fileRef = 4E6F606B1CC448C600F4F826 /* BootstrapFetcher.swift */; };
		4E7E0E601D04B343004CE941 /* BootstrapInfo.swift in Sources */ = {isa = PBXBuildFile; fileRef = 4E7E0E5F1D04B343004CE941 /* BootstrapInfo.swift */; };
		4E8CB5BE1CB759C400769F0D /* AppDelegate.swift in Sources */ = {isa = PBXBuildFile; fileRef = 4E8CB5BD1CB759C400769F0D /* AppDelegate.swift */; };
		4E8CB5C21CB759C400769F0D /* Assets.xcassets in Resources */ = {isa = PBXBuildFile; fileRef = 4E8CB5C11CB759C400769F0D /* Assets.xcassets */; };
		4E8CB5C51CB759C400769F0D /* Main.storyboard in Resources */ = {isa = PBXBuildFile; fileRef = 4E8CB5C31CB759C400769F0D /* Main.storyboard */; };
		4E8CB5DB1CB759C400769F0D /* WOPIAuthUITests.swift in Sources */ = {isa = PBXBuildFile; fileRef = 4E8CB5DA1CB759C400769F0D /* WOPIAuthUITests.swift */; };
		4E9BCBD11CC9D2880051F477 /* Logging.swift in Sources */ = {isa = PBXBuildFile; fileRef = 4E9BCBD01CC9D2880051F477 /* Logging.swift */; };
		4EA398E21CE65ABF00105C5B /* P_extensions.swift in Sources */ = {isa = PBXBuildFile; fileRef = 4EA398E11CE65ABF00105C5B /* P_extensions.swift */; };
		4EA620941CBC9EB100D631F4 /* MainWindowController.swift in Sources */ = {isa = PBXBuildFile; fileRef = 4EA620931CBC9EB100D631F4 /* MainWindowController.swift */; };
		4EB39DA61CDD12B5004101CF /* MiscExtensions.swift in Sources */ = {isa = PBXBuildFile; fileRef = 4EB39DA51CDD12B5004101CF /* MiscExtensions.swift */; };
		4EBFBA441CF4BAEB00E75267 /* ProfileResultTests.swift in Sources */ = {isa = PBXBuildFile; fileRef = 4EBFBA431CF4BAEB00E75267 /* ProfileResultTests.swift */; };
		4EE6D0FF1CD29C640004CD8B /* ConnectionContaining.swift in Sources */ = {isa = PBXBuildFile; fileRef = 4EE6D0FE1CD29C640004CD8B /* ConnectionContaining.swift */; };
		4EE81E3B1CF3B4B500B481BD /* TokenResultTests.swift in Sources */ = {isa = PBXBuildFile; fileRef = 4EE81E3A1CF3B4B500B481BD /* TokenResultTests.swift */; };
		4EF918471CD021FE005A5186 /* ConnectionViewing.swift in Sources */ = {isa = PBXBuildFile; fileRef = 4EF918461CD021FE005A5186 /* ConnectionViewing.swift */; };
		4EF9FC2F1CD14A25001C8C57 /* ConnectionCreating.swift in Sources */ = {isa = PBXBuildFile; fileRef = 4EF9FC2E1CD14A25001C8C57 /* ConnectionCreating.swift */; };
/* End PBXBuildFile section */

/* Begin PBXContainerItemProxy section */
		4E8CB5CC1CB759C400769F0D /* PBXContainerItemProxy */ = {
			isa = PBXContainerItemProxy;
			containerPortal = 4E8CB5B21CB759C400769F0D /* Project object */;
			proxyType = 1;
			remoteGlobalIDString = 4E8CB5B91CB759C400769F0D;
			remoteInfo = WOPIAuth;
		};
		4E8CB5D71CB759C400769F0D /* PBXContainerItemProxy */ = {
			isa = PBXContainerItemProxy;
			containerPortal = 4E8CB5B21CB759C400769F0D /* Project object */;
			proxyType = 1;
			remoteGlobalIDString = 4E8CB5B91CB759C400769F0D;
			remoteInfo = WOPIAuth;
		};
/* End PBXContainerItemProxy section */

/* Begin PBXFileReference section */
		4E01D5891CD178200073DBD9 /* SignInViewController.swift */ = {isa = PBXFileReference; fileEncoding = 4; lastKnownFileType = sourcecode.swift; name = SignInViewController.swift; path = WOPIAuth/SignInViewController.swift; sourceTree = "<group>"; };
		4E0A514C1CF784C800F4F64C /* WOPIAuthModelTests.xctest */ = {isa = PBXFileReference; explicitFileType = wrapper.cfbundle; includeInIndex = 0; path = WOPIAuthModelTests.xctest; sourceTree = BUILT_PRODUCTS_DIR; };
		4E100AC71CC03E9000AFA37E /* SidebarSplitViewController.swift */ = {isa = PBXFileReference; fileEncoding = 4; lastKnownFileType = sourcecode.swift; name = SidebarSplitViewController.swift; path = WOPIAuth/SidebarSplitViewController.swift; sourceTree = "<group>"; };
		4E1CBB861CD40AA3001235DB /* ProviderInfoTests.swift */ = {isa = PBXFileReference; fileEncoding = 4; lastKnownFileType = sourcecode.swift; path = ProviderInfoTests.swift; sourceTree = "<group>"; };
		4E1CBB881CD40F58001235DB /* LoggingSenderTests.swift */ = {isa = PBXFileReference; fileEncoding = 4; lastKnownFileType = sourcecode.swift; path = LoggingSenderTests.swift; sourceTree = "<group>"; };
		4E223AC41CDA9AFB0035665C /* BootstrapInfoTests.swift */ = {isa = PBXFileReference; fileEncoding = 4; lastKnownFileType = sourcecode.swift; path = BootstrapInfoTests.swift; sourceTree = "<group>"; };
		4E267E5E1CD97B3600C8F4D9 /* ConnectionInfoTests.swift */ = {isa = PBXFileReference; fileEncoding = 4; lastKnownFileType = sourcecode.swift; path = ConnectionInfoTests.swift; sourceTree = "<group>"; };
		4E4767931CECF3BE002C982D /* ProviderDetailEditingView.swift */ = {isa = PBXFileReference; fileEncoding = 4; lastKnownFileType = sourcecode.swift; path = ProviderDetailEditingView.swift; sourceTree = "<group>"; };
		4E64FE2D1D04B7470034E235 /* AuthResult.swift */ = {isa = PBXFileReference; fileEncoding = 4; lastKnownFileType = sourcecode.swift; name = AuthResult.swift; path = WOPIAuth/AuthResult.swift; sourceTree = "<group>"; };
		4E64FE2E1D04B7470034E235 /* ClientInfo.swift */ = {isa = PBXFileReference; fileEncoding = 4; lastKnownFileType = sourcecode.swift; name = ClientInfo.swift; path = WOPIAuth/ClientInfo.swift; sourceTree = "<group>"; };
		4E64FE2F1D04B7470034E235 /* ConnectionDetailsViewController.swift */ = {isa = PBXFileReference; fileEncoding = 4; lastKnownFileType = sourcecode.swift; name = ConnectionDetailsViewController.swift; path = WOPIAuth/ConnectionDetailsViewController.swift; sourceTree = "<group>"; };
		4E64FE301D04B7470034E235 /* ConnectionInfo.swift */ = {isa = PBXFileReference; fileEncoding = 4; lastKnownFileType = sourcecode.swift; name = ConnectionInfo.swift; path = WOPIAuth/ConnectionInfo.swift; sourceTree = "<group>"; };
		4E64FE311D04B7470034E235 /* ConnectionsListViewController.swift */ = {isa = PBXFileReference; fileEncoding = 4; lastKnownFileType = sourcecode.swift; name = ConnectionsListViewController.swift; path = WOPIAuth/ConnectionsListViewController.swift; sourceTree = "<group>"; };
		4E64FE321D04B7470034E235 /* ConnectionsSplitViewController.swift */ = {isa = PBXFileReference; fileEncoding = 4; lastKnownFileType = sourcecode.swift; name = ConnectionsSplitViewController.swift; path = WOPIAuth/ConnectionsSplitViewController.swift; sourceTree = "<group>"; };
		4E64FE331D04B7470034E235 /* Fetcher.swift */ = {isa = PBXFileReference; fileEncoding = 4; lastKnownFileType = sourcecode.swift; name = Fetcher.swift; path = WOPIAuth/Fetcher.swift; sourceTree = "<group>"; };
		4E64FE341D04B7470034E235 /* LogViewController.swift */ = {isa = PBXFileReference; fileEncoding = 4; lastKnownFileType = sourcecode.swift; name = LogViewController.swift; path = WOPIAuth/LogViewController.swift; sourceTree = "<group>"; };
		4E64FE351D04B7470034E235 /* ModelInfo.swift */ = {isa = PBXFileReference; fileEncoding = 4; lastKnownFileType = sourcecode.swift; name = ModelInfo.swift; path = WOPIAuth/ModelInfo.swift; sourceTree = "<group>"; };
		4E64FE361D04B7470034E235 /* Preferences.swift */ = {isa = PBXFileReference; fileEncoding = 4; lastKnownFileType = sourcecode.swift; name = Preferences.swift; path = WOPIAuth/Preferences.swift; sourceTree = "<group>"; };
		4E64FE371D04B7470034E235 /* ProfileFetcher.swift */ = {isa = PBXFileReference; fileEncoding = 4; lastKnownFileType = sourcecode.swift; name = ProfileFetcher.swift; path = WOPIAuth/ProfileFetcher.swift; sourceTree = "<group>"; };
		4E64FE381D04B7470034E235 /* ProfileResult.swift */ = {isa = PBXFileReference; fileEncoding = 4; lastKnownFileType = sourcecode.swift; name = ProfileResult.swift; path = WOPIAuth/ProfileResult.swift; sourceTree = "<group>"; };
		4E64FE391D04B7470034E235 /* ProviderDetailEditing.swift */ = {isa = PBXFileReference; fileEncoding = 4; lastKnownFileType = sourcecode.swift; path = ProviderDetailEditing.swift; sourceTree = "<group>"; };
		4E64FE3A1D04B7470034E235 /* ProviderDetailsViewController.swift */ = {isa = PBXFileReference; fileEncoding = 4; lastKnownFileType = sourcecode.swift; name = ProviderDetailsViewController.swift; path = WOPIAuth/ProviderDetailsViewController.swift; sourceTree = "<group>"; };
		4E64FE3B1D04B7470034E235 /* ProviderInfo.swift */ = {isa = PBXFileReference; fileEncoding = 4; lastKnownFileType = sourcecode.swift; name = ProviderInfo.swift; path = WOPIAuth/ProviderInfo.swift; sourceTree = "<group>"; };
		4E64FE3C1D04B7470034E235 /* ProviderListViewController.swift */ = {isa = PBXFileReference; fileEncoding = 4; lastKnownFileType = sourcecode.swift; name = ProviderListViewController.swift; path = WOPIAuth/ProviderListViewController.swift; sourceTree = "<group>"; };
		4E64FE3D1D04B7470034E235 /* ProviderViewing.swift */ = {isa = PBXFileReference; fileEncoding = 4; lastKnownFileType = sourcecode.swift; path = ProviderViewing.swift; sourceTree = "<group>"; };
		4E64FE3E1D04B7470034E235 /* RightPaneSplitViewController.swift */ = {isa = PBXFileReference; fileEncoding = 4; lastKnownFileType = sourcecode.swift; name = RightPaneSplitViewController.swift; path = WOPIAuth/RightPaneSplitViewController.swift; sourceTree = "<group>"; };
		4E64FE3F1D04B7470034E235 /* TokenFetcher.swift */ = {isa = PBXFileReference; fileEncoding = 4; lastKnownFileType = sourcecode.swift; name = TokenFetcher.swift; path = WOPIAuth/TokenFetcher.swift; sourceTree = "<group>"; };
		4E64FE401D04B7470034E235 /* TokenResult.swift */ = {isa = PBXFileReference; fileEncoding = 4; lastKnownFileType = sourcecode.swift; name = TokenResult.swift; path = WOPIAuth/TokenResult.swift; sourceTree = "<group>"; };
		4E64FE411D04B7470034E235 /* WOPIFlowViewController.swift */ = {isa = PBXFileReference; fileEncoding = 4; lastKnownFileType = sourcecode.swift; name = WOPIFlowViewController.swift; path = WOPIAuth/WOPIFlowViewController.swift; sourceTree = "<group>"; };
		4E6F606B1CC448C600F4F826 /* BootstrapFetcher.swift */ = {isa = PBXFileReference; fileEncoding = 4; lastKnownFileType = sourcecode.swift; name = BootstrapFetcher.swift; path = WOPIAuth/BootstrapFetcher.swift; sourceTree = "<group>"; };
		4E7E0E5F1D04B343004CE941 /* BootstrapInfo.swift */ = {isa = PBXFileReference; fileEncoding = 4; lastKnownFileType = sourcecode.swift; name = BootstrapInfo.swift; path = WOPIAuth/BootstrapInfo.swift; sourceTree = "<group>"; };
		4E8CB5BA1CB759C400769F0D /* WOPIAuth.app */ = {isa = PBXFileReference; explicitFileType = wrapper.application; includeInIndex = 0; path = WOPIAuth.app; sourceTree = BUILT_PRODUCTS_DIR; };
		4E8CB5BD1CB759C400769F0D /* AppDelegate.swift */ = {isa = PBXFileReference; lastKnownFileType = sourcecode.swift; path = AppDelegate.swift; sourceTree = "<group>"; };
		4E8CB5C11CB759C400769F0D /* Assets.xcassets */ = {isa = PBXFileReference; lastKnownFileType = folder.assetcatalog; path = Assets.xcassets; sourceTree = "<group>"; };
		4E8CB5C41CB759C400769F0D /* Base */ = {isa = PBXFileReference; lastKnownFileType = file.storyboard; name = Base; path = Base.lproj/Main.storyboard; sourceTree = "<group>"; };
		4E8CB5C61CB759C400769F0D /* Info.plist */ = {isa = PBXFileReference; lastKnownFileType = text.plist.xml; path = Info.plist; sourceTree = "<group>"; };
		4E8CB5CB1CB759C400769F0D /* WOPIAuthTests.xctest */ = {isa = PBXFileReference; explicitFileType = wrapper.cfbundle; includeInIndex = 0; path = WOPIAuthTests.xctest; sourceTree = BUILT_PRODUCTS_DIR; };
		4E8CB5D11CB759C400769F0D /* Info.plist */ = {isa = PBXFileReference; lastKnownFileType = text.plist.xml; path = Info.plist; sourceTree = "<group>"; };
		4E8CB5D61CB759C400769F0D /* WOPIAuthUITests.xctest */ = {isa = PBXFileReference; explicitFileType = wrapper.cfbundle; includeInIndex = 0; path = WOPIAuthUITests.xctest; sourceTree = BUILT_PRODUCTS_DIR; };
		4E8CB5DA1CB759C400769F0D /* WOPIAuthUITests.swift */ = {isa = PBXFileReference; lastKnownFileType = sourcecode.swift; path = WOPIAuthUITests.swift; sourceTree = "<group>"; };
		4E8CB5DC1CB759C400769F0D /* Info.plist */ = {isa = PBXFileReference; lastKnownFileType = text.plist.xml; path = Info.plist; sourceTree = "<group>"; };
		4E9BCBD01CC9D2880051F477 /* Logging.swift */ = {isa = PBXFileReference; fileEncoding = 4; lastKnownFileType = sourcecode.swift; path = Logging.swift; sourceTree = "<group>"; };
		4EA398E11CE65ABF00105C5B /* P_extensions.swift */ = {isa = PBXFileReference; fileEncoding = 4; lastKnownFileType = sourcecode.swift; path = P_extensions.swift; sourceTree = "<group>"; };
		4EA620931CBC9EB100D631F4 /* MainWindowController.swift */ = {isa = PBXFileReference; fileEncoding = 4; lastKnownFileType = sourcecode.swift; name = MainWindowController.swift; path = WOPIAuth/MainWindowController.swift; sourceTree = "<group>"; };
		4EB39DA51CDD12B5004101CF /* MiscExtensions.swift */ = {isa = PBXFileReference; fileEncoding = 4; lastKnownFileType = sourcecode.swift; path = MiscExtensions.swift; sourceTree = "<group>"; };
		4EBFBA431CF4BAEB00E75267 /* ProfileResultTests.swift */ = {isa = PBXFileReference; fileEncoding = 4; lastKnownFileType = sourcecode.swift; path = ProfileResultTests.swift; sourceTree = "<group>"; };
		4EE6D0FE1CD29C640004CD8B /* ConnectionContaining.swift */ = {isa = PBXFileReference; fileEncoding = 4; lastKnownFileType = sourcecode.swift; path = ConnectionContaining.swift; sourceTree = "<group>"; };
		4EE81E3A1CF3B4B500B481BD /* TokenResultTests.swift */ = {isa = PBXFileReference; fileEncoding = 4; lastKnownFileType = sourcecode.swift; path = TokenResultTests.swift; sourceTree = "<group>"; };
		4EF918461CD021FE005A5186 /* ConnectionViewing.swift */ = {isa = PBXFileReference; fileEncoding = 4; lastKnownFileType = sourcecode.swift; path = ConnectionViewing.swift; sourceTree = "<group>"; };
		4EF9FC2E1CD14A25001C8C57 /* ConnectionCreating.swift */ = {isa = PBXFileReference; fileEncoding = 4; lastKnownFileType = sourcecode.swift; path = ConnectionCreating.swift; sourceTree = "<group>"; };
/* End PBXFileReference section */

/* Begin PBXFrameworksBuildPhase section */
		4E0A51491CF784C800F4F64C /* Frameworks */ = {
			isa = PBXFrameworksBuildPhase;
			buildActionMask = 2147483647;
			files = (
			);
			runOnlyForDeploymentPostprocessing = 0;
		};
		4E8CB5B71CB759C400769F0D /* Frameworks */ = {
			isa = PBXFrameworksBuildPhase;
			buildActionMask = 2147483647;
			files = (
			);
			runOnlyForDeploymentPostprocessing = 0;
		};
		4E8CB5C81CB759C400769F0D /* Frameworks */ = {
			isa = PBXFrameworksBuildPhase;
			buildActionMask = 2147483647;
			files = (
			);
			runOnlyForDeploymentPostprocessing = 0;
		};
		4E8CB5D31CB759C400769F0D /* Frameworks */ = {
			isa = PBXFrameworksBuildPhase;
			buildActionMask = 2147483647;
			files = (
			);
			runOnlyForDeploymentPostprocessing = 0;
		};
/* End PBXFrameworksBuildPhase section */

/* Begin PBXGroup section */
		4E592BC71CBC865E00A67FEF /* Model */ = {
			isa = PBXGroup;
			children = (
				4E64FE2D1D04B7470034E235 /* AuthResult.swift */,
				4E64FE2E1D04B7470034E235 /* ClientInfo.swift */,
				4E64FE301D04B7470034E235 /* ConnectionInfo.swift */,
				4E64FE331D04B7470034E235 /* Fetcher.swift */,
				4E64FE351D04B7470034E235 /* ModelInfo.swift */,
				4E64FE361D04B7470034E235 /* Preferences.swift */,
				4E64FE371D04B7470034E235 /* ProfileFetcher.swift */,
				4E64FE381D04B7470034E235 /* ProfileResult.swift */,
				4E64FE3B1D04B7470034E235 /* ProviderInfo.swift */,
				4E64FE3F1D04B7470034E235 /* TokenFetcher.swift */,
				4E64FE401D04B7470034E235 /* TokenResult.swift */,
				4E7E0E5F1D04B343004CE941 /* BootstrapInfo.swift */,
				4E6F606B1CC448C600F4F826 /* BootstrapFetcher.swift */,
			);
			name = Model;
			path = ..;
			sourceTree = "<group>";
		};
		4E8CB5B11CB759C400769F0D = {
			isa = PBXGroup;
			children = (
				4E8CB5BC1CB759C400769F0D /* WOPIAuth */,
				4E8CB5CE1CB759C400769F0D /* WOPIAuthTests */,
				4E8CB5D91CB759C400769F0D /* WOPIAuthUITests */,
				4E8CB5BB1CB759C400769F0D /* Products */,
			);
			sourceTree = "<group>";
		};
		4E8CB5BB1CB759C400769F0D /* Products */ = {
			isa = PBXGroup;
			children = (
				4E8CB5BA1CB759C400769F0D /* WOPIAuth.app */,
				4E8CB5CB1CB759C400769F0D /* WOPIAuthTests.xctest */,
				4E8CB5D61CB759C400769F0D /* WOPIAuthUITests.xctest */,
				4E0A514C1CF784C800F4F64C /* WOPIAuthModelTests.xctest */,
			);
			name = Products;
			sourceTree = "<group>";
		};
		4E8CB5BC1CB759C400769F0D /* WOPIAuth */ = {
			isa = PBXGroup;
			children = (
				4EB2A6451CCACC750054E523 /* Helpers */,
				4E592BC71CBC865E00A67FEF /* Model */,
				4EA620951CBCAB1200D631F4 /* Controller */,
				4EA5A3281CCFE23D00828EE1 /* Protocols */,
				4E8CB5C11CB759C400769F0D /* Assets.xcassets */,
				4E8CB5C31CB759C400769F0D /* Main.storyboard */,
				4E8CB5C61CB759C400769F0D /* Info.plist */,
			);
			path = WOPIAuth;
			sourceTree = "<group>";
		};
		4E8CB5CE1CB759C400769F0D /* WOPIAuthTests */ = {
			isa = PBXGroup;
			children = (
				4E8CB5D11CB759C400769F0D /* Info.plist */,
				4E1CBB861CD40AA3001235DB /* ProviderInfoTests.swift */,
				4E1CBB881CD40F58001235DB /* LoggingSenderTests.swift */,
				4E267E5E1CD97B3600C8F4D9 /* ConnectionInfoTests.swift */,
				4E223AC41CDA9AFB0035665C /* BootstrapInfoTests.swift */,
				4EE81E3A1CF3B4B500B481BD /* TokenResultTests.swift */,
				4EBFBA431CF4BAEB00E75267 /* ProfileResultTests.swift */,
			);
			path = WOPIAuthTests;
			sourceTree = "<group>";
		};
		4E8CB5D91CB759C400769F0D /* WOPIAuthUITests */ = {
			isa = PBXGroup;
			children = (
				4E8CB5DA1CB759C400769F0D /* WOPIAuthUITests.swift */,
				4E8CB5DC1CB759C400769F0D /* Info.plist */,
			);
			path = WOPIAuthUITests;
			sourceTree = "<group>";
		};
		4EA5A3281CCFE23D00828EE1 /* Protocols */ = {
			isa = PBXGroup;
			children = (
				4E64FE3D1D04B7470034E235 /* ProviderViewing.swift */,
				4E64FE391D04B7470034E235 /* ProviderDetailEditing.swift */,
				4E4767931CECF3BE002C982D /* ProviderDetailEditingView.swift */,
				4EF918461CD021FE005A5186 /* ConnectionViewing.swift */,
				4EF9FC2E1CD14A25001C8C57 /* ConnectionCreating.swift */,
				4EE6D0FE1CD29C640004CD8B /* ConnectionContaining.swift */,
			);
			name = Protocols;
			sourceTree = "<group>";
		};
		4EA620951CBCAB1200D631F4 /* Controller */ = {
			isa = PBXGroup;
			children = (
				4E64FE2F1D04B7470034E235 /* ConnectionDetailsViewController.swift */,
				4E64FE311D04B7470034E235 /* ConnectionsListViewController.swift */,
				4E64FE321D04B7470034E235 /* ConnectionsSplitViewController.swift */,
				4E64FE341D04B7470034E235 /* LogViewController.swift */,
				4E64FE3A1D04B7470034E235 /* ProviderDetailsViewController.swift */,
				4E64FE3C1D04B7470034E235 /* ProviderListViewController.swift */,
				4E64FE3E1D04B7470034E235 /* RightPaneSplitViewController.swift */,
				4E64FE411D04B7470034E235 /* WOPIFlowViewController.swift */,
				4EA620931CBC9EB100D631F4 /* MainWindowController.swift */,
				4E100AC71CC03E9000AFA37E /* SidebarSplitViewController.swift */,
				4E01D5891CD178200073DBD9 /* SignInViewController.swift */,
			);
			name = Controller;
			path = ..;
			sourceTree = "<group>";
		};
		4EB2A6451CCACC750054E523 /* Helpers */ = {
			isa = PBXGroup;
			children = (
				4E9BCBD01CC9D2880051F477 /* Logging.swift */,
				4E8CB5BD1CB759C400769F0D /* AppDelegate.swift */,
				4EB39DA51CDD12B5004101CF /* MiscExtensions.swift */,
				4EA398E11CE65ABF00105C5B /* P_extensions.swift */,
			);
			name = Helpers;
			sourceTree = "<group>";
		};
/* End PBXGroup section */

/* Begin PBXNativeTarget section */
		4E0A514B1CF784C800F4F64C /* WOPIAuthModelTests */ = {
			isa = PBXNativeTarget;
			buildConfigurationList = 4E0A51511CF784C800F4F64C /* Build configuration list for PBXNativeTarget "WOPIAuthModelTests" */;
			buildPhases = (
				4E0A51481CF784C800F4F64C /* Sources */,
				4E0A51491CF784C800F4F64C /* Frameworks */,
				4E0A514A1CF784C800F4F64C /* Resources */,
			);
			buildRules = (
			);
			dependencies = (
			);
			name = WOPIAuthModelTests;
			productName = WOPIAuthModelTests;
			productReference = 4E0A514C1CF784C800F4F64C /* WOPIAuthModelTests.xctest */;
			productType = "com.apple.product-type.bundle.unit-test";
		};
		4E8CB5B91CB759C400769F0D /* WOPIAuth */ = {
			isa = PBXNativeTarget;
			buildConfigurationList = 4E8CB5DF1CB759C400769F0D /* Build configuration list for PBXNativeTarget "WOPIAuth" */;
			buildPhases = (
				4E8CB5B61CB759C400769F0D /* Sources */,
				4E8CB5B71CB759C400769F0D /* Frameworks */,
				4E8CB5B81CB759C400769F0D /* Resources */,
			);
			buildRules = (
			);
			dependencies = (
			);
			name = WOPIAuth;
			productName = WOPIAuth;
			productReference = 4E8CB5BA1CB759C400769F0D /* WOPIAuth.app */;
			productType = "com.apple.product-type.application";
		};
		4E8CB5CA1CB759C400769F0D /* WOPIAuthTests */ = {
			isa = PBXNativeTarget;
			buildConfigurationList = 4E8CB5E21CB759C400769F0D /* Build configuration list for PBXNativeTarget "WOPIAuthTests" */;
			buildPhases = (
				4E8CB5C71CB759C400769F0D /* Sources */,
				4E8CB5C81CB759C400769F0D /* Frameworks */,
				4E8CB5C91CB759C400769F0D /* Resources */,
			);
			buildRules = (
			);
			dependencies = (
				4E8CB5CD1CB759C400769F0D /* PBXTargetDependency */,
			);
			name = WOPIAuthTests;
			productName = WOPIAuthTests;
			productReference = 4E8CB5CB1CB759C400769F0D /* WOPIAuthTests.xctest */;
			productType = "com.apple.product-type.bundle.unit-test";
		};
		4E8CB5D51CB759C400769F0D /* WOPIAuthUITests */ = {
			isa = PBXNativeTarget;
			buildConfigurationList = 4E8CB5E51CB759C400769F0D /* Build configuration list for PBXNativeTarget "WOPIAuthUITests" */;
			buildPhases = (
				4E8CB5D21CB759C400769F0D /* Sources */,
				4E8CB5D31CB759C400769F0D /* Frameworks */,
				4E8CB5D41CB759C400769F0D /* Resources */,
			);
			buildRules = (
			);
			dependencies = (
				4E8CB5D81CB759C400769F0D /* PBXTargetDependency */,
			);
			name = WOPIAuthUITests;
			productName = WOPIAuthUITests;
			productReference = 4E8CB5D61CB759C400769F0D /* WOPIAuthUITests.xctest */;
			productType = "com.apple.product-type.bundle.ui-testing";
		};
/* End PBXNativeTarget section */

/* Begin PBXProject section */
		4E8CB5B21CB759C400769F0D /* Project object */ = {
			isa = PBXProject;
			attributes = {
				LastSwiftUpdateCheck = 0730;
				LastUpgradeCheck = 0730;
				ORGANIZATIONNAME = "Gary Ritchie";
				TargetAttributes = {
					4E0A514B1CF784C800F4F64C = {
						CreatedOnToolsVersion = 7.3.1;
					};
					4E8CB5B91CB759C400769F0D = {
						CreatedOnToolsVersion = 7.3;
						DevelopmentTeam = CMFNTP23SX;
					};
					4E8CB5CA1CB759C400769F0D = {
						CreatedOnToolsVersion = 7.3;
						TestTargetID = 4E8CB5B91CB759C400769F0D;
					};
					4E8CB5D51CB759C400769F0D = {
						CreatedOnToolsVersion = 7.3;
						TestTargetID = 4E8CB5B91CB759C400769F0D;
					};
				};
			};
			buildConfigurationList = 4E8CB5B51CB759C400769F0D /* Build configuration list for PBXProject "WOPIAuth" */;
			compatibilityVersion = "Xcode 6.3";
			developmentRegion = English;
			hasScannedForEncodings = 0;
			knownRegions = (
				en,
				Base,
			);
			mainGroup = 4E8CB5B11CB759C400769F0D;
			productRefGroup = 4E8CB5BB1CB759C400769F0D /* Products */;
			projectDirPath = "";
			projectRoot = "";
			targets = (
				4E8CB5B91CB759C400769F0D /* WOPIAuth */,
				4E8CB5CA1CB759C400769F0D /* WOPIAuthTests */,
				4E8CB5D51CB759C400769F0D /* WOPIAuthUITests */,
				4E0A514B1CF784C800F4F64C /* WOPIAuthModelTests */,
			);
		};
/* End PBXProject section */

/* Begin PBXResourcesBuildPhase section */
		4E0A514A1CF784C800F4F64C /* Resources */ = {
			isa = PBXResourcesBuildPhase;
			buildActionMask = 2147483647;
			files = (
			);
			runOnlyForDeploymentPostprocessing = 0;
		};
		4E8CB5B81CB759C400769F0D /* Resources */ = {
			isa = PBXResourcesBuildPhase;
			buildActionMask = 2147483647;
			files = (
				4E8CB5C21CB759C400769F0D /* Assets.xcassets in Resources */,
				4E8CB5C51CB759C400769F0D /* Main.storyboard in Resources */,
			);
			runOnlyForDeploymentPostprocessing = 0;
		};
		4E8CB5C91CB759C400769F0D /* Resources */ = {
			isa = PBXResourcesBuildPhase;
			buildActionMask = 2147483647;
			files = (
			);
			runOnlyForDeploymentPostprocessing = 0;
		};
		4E8CB5D41CB759C400769F0D /* Resources */ = {
			isa = PBXResourcesBuildPhase;
			buildActionMask = 2147483647;
			files = (
			);
			runOnlyForDeploymentPostprocessing = 0;
		};
/* End PBXResourcesBuildPhase section */

/* Begin PBXSourcesBuildPhase section */
		4E0A51481CF784C800F4F64C /* Sources */ = {
			isa = PBXSourcesBuildPhase;
			buildActionMask = 2147483647;
			files = (
			);
			runOnlyForDeploymentPostprocessing = 0;
		};
		4E8CB5B61CB759C400769F0D /* Sources */ = {
			isa = PBXSourcesBuildPhase;
			buildActionMask = 2147483647;
			files = (
				4E64FE471D04B7470034E235 /* ConnectionsSplitViewController.swift in Sources */,
				4EE6D0FF1CD29C640004CD8B /* ConnectionContaining.swift in Sources */,
				4E64FE4A1D04B7470034E235 /* ModelInfo.swift in Sources */,
				4E4767941CECF3BE002C982D /* ProviderDetailEditingView.swift in Sources */,
				4E64FE491D04B7470034E235 /* LogViewController.swift in Sources */,
				4E64FE551D04B7470034E235 /* TokenResult.swift in Sources */,
				4E64FE4B1D04B7470034E235 /* Preferences.swift in Sources */,
				4E64FE451D04B7470034E235 /* ConnectionInfo.swift in Sources */,
				4E100AC81CC03E9000AFA37E /* SidebarSplitViewController.swift in Sources */,
				4E7E0E601D04B343004CE941 /* BootstrapInfo.swift in Sources */,
				4E64FE521D04B7470034E235 /* ProviderViewing.swift in Sources */,
				4E64FE4E1D04B7470034E235 /* ProviderDetailEditing.swift in Sources */,
				4EF9FC2F1CD14A25001C8C57 /* ConnectionCreating.swift in Sources */,
				4E64FE441D04B7470034E235 /* ConnectionDetailsViewController.swift in Sources */,
				4E64FE4F1D04B7470034E235 /* ProviderDetailsViewController.swift in Sources */,
				4E9BCBD11CC9D2880051F477 /* Logging.swift in Sources */,
				4E64FE431D04B7470034E235 /* ClientInfo.swift in Sources */,
				4E64FE561D04B7470034E235 /* WOPIFlowViewController.swift in Sources */,
				4EF918471CD021FE005A5186 /* ConnectionViewing.swift in Sources */,
				4E64FE511D04B7470034E235 /* ProviderListViewController.swift in Sources */,
				4EA398E21CE65ABF00105C5B /* P_extensions.swift in Sources */,
				4E64FE4C1D04B7470034E235 /* ProfileFetcher.swift in Sources */,
				4E6F606C1CC448C600F4F826 /* BootstrapFetcher.swift in Sources */,
				4E64FE421D04B7470034E235 /* AuthResult.swift in Sources */,
				4E64FE501D04B7470034E235 /* ProviderInfo.swift in Sources */,
				4E64FE541D04B7470034E235 /* TokenFetcher.swift in Sources */,
				4E8CB5BE1CB759C400769F0D /* AppDelegate.swift in Sources */,
				4E01D58A1CD178200073DBD9 /* SignInViewController.swift in Sources */,
				4E64FE481D04B7470034E235 /* Fetcher.swift in Sources */,
				4E64FE531D04B7470034E235 /* RightPaneSplitViewController.swift in Sources */,
				4E64FE461D04B7470034E235 /* ConnectionsListViewController.swift in Sources */,
				4EB39DA61CDD12B5004101CF /* MiscExtensions.swift in Sources */,
				4EA620941CBC9EB100D631F4 /* MainWindowController.swift in Sources */,
				4E64FE4D1D04B7470034E235 /* ProfileResult.swift in Sources */,
			);
			runOnlyForDeploymentPostprocessing = 0;
		};
		4E8CB5C71CB759C400769F0D /* Sources */ = {
			isa = PBXSourcesBuildPhase;
			buildActionMask = 2147483647;
			files = (
				4EBFBA441CF4BAEB00E75267 /* ProfileResultTests.swift in Sources */,
				4E223AC51CDA9AFB0035665C /* BootstrapInfoTests.swift in Sources */,
				4E1CBB871CD40AA3001235DB /* ProviderInfoTests.swift in Sources */,
				4EE81E3B1CF3B4B500B481BD /* TokenResultTests.swift in Sources */,
				4E267E5F1CD97B3700C8F4D9 /* ConnectionInfoTests.swift in Sources */,
				4E1CBB891CD40F58001235DB /* LoggingSenderTests.swift in Sources */,
			);
			runOnlyForDeploymentPostprocessing = 0;
		};
		4E8CB5D21CB759C400769F0D /* Sources */ = {
			isa = PBXSourcesBuildPhase;
			buildActionMask = 2147483647;
			files = (
				4E8CB5DB1CB759C400769F0D /* WOPIAuthUITests.swift in Sources */,
			);
			runOnlyForDeploymentPostprocessing = 0;
		};
/* End PBXSourcesBuildPhase section */

/* Begin PBXTargetDependency section */
		4E8CB5CD1CB759C400769F0D /* PBXTargetDependency */ = {
			isa = PBXTargetDependency;
			target = 4E8CB5B91CB759C400769F0D /* WOPIAuth */;
			targetProxy = 4E8CB5CC1CB759C400769F0D /* PBXContainerItemProxy */;
		};
		4E8CB5D81CB759C400769F0D /* PBXTargetDependency */ = {
			isa = PBXTargetDependency;
			target = 4E8CB5B91CB759C400769F0D /* WOPIAuth */;
			targetProxy = 4E8CB5D71CB759C400769F0D /* PBXContainerItemProxy */;
		};
/* End PBXTargetDependency section */

/* Begin PBXVariantGroup section */
		4E8CB5C31CB759C400769F0D /* Main.storyboard */ = {
			isa = PBXVariantGroup;
			children = (
				4E8CB5C41CB759C400769F0D /* Base */,
			);
			name = Main.storyboard;
			sourceTree = "<group>";
		};
/* End PBXVariantGroup section */

/* Begin XCBuildConfiguration section */
		4E0A51521CF784C800F4F64C /* Debug */ = {
			isa = XCBuildConfiguration;
			buildSettings = {
				COMBINE_HIDPI_IMAGES = YES;
				INFOPLIST_FILE = WOPIAuthModelTests/Info.plist;
				LD_RUNPATH_SEARCH_PATHS = "$(inherited) @executable_path/../Frameworks @loader_path/../Frameworks";
				PRODUCT_BUNDLE_IDENTIFIER = com.microsoft.office.WOPIAuthModelTests;
				PRODUCT_NAME = "$(TARGET_NAME)";
			};
			name = Debug;
		};
		4E0A51531CF784C800F4F64C /* Release */ = {
			isa = XCBuildConfiguration;
			buildSettings = {
				COMBINE_HIDPI_IMAGES = YES;
				INFOPLIST_FILE = WOPIAuthModelTests/Info.plist;
				LD_RUNPATH_SEARCH_PATHS = "$(inherited) @executable_path/../Frameworks @loader_path/../Frameworks";
				PRODUCT_BUNDLE_IDENTIFIER = com.microsoft.office.WOPIAuthModelTests;
				PRODUCT_NAME = "$(TARGET_NAME)";
			};
			name = Release;
		};
		4E8CB5DD1CB759C400769F0D /* Debug */ = {
			isa = XCBuildConfiguration;
			buildSettings = {
				ALWAYS_SEARCH_USER_PATHS = NO;
				CLANG_ANALYZER_NONNULL = YES;
				CLANG_CXX_LANGUAGE_STANDARD = "gnu++0x";
				CLANG_CXX_LIBRARY = "libc++";
				CLANG_ENABLE_MODULES = YES;
				CLANG_ENABLE_OBJC_ARC = YES;
				CLANG_WARN_BOOL_CONVERSION = YES;
				CLANG_WARN_CONSTANT_CONVERSION = YES;
				CLANG_WARN_DIRECT_OBJC_ISA_USAGE = YES_ERROR;
				CLANG_WARN_EMPTY_BODY = YES;
				CLANG_WARN_ENUM_CONVERSION = YES;
				CLANG_WARN_INT_CONVERSION = YES;
				CLANG_WARN_OBJC_ROOT_CLASS = YES_ERROR;
				CLANG_WARN_UNREACHABLE_CODE = YES;
				CLANG_WARN__DUPLICATE_METHOD_MATCH = YES;
				CODE_SIGN_IDENTITY = "-";
				COPY_PHASE_STRIP = NO;
				DEBUG_INFORMATION_FORMAT = dwarf;
				ENABLE_STRICT_OBJC_MSGSEND = YES;
				ENABLE_TESTABILITY = YES;
				GCC_C_LANGUAGE_STANDARD = gnu99;
				GCC_DYNAMIC_NO_PIC = NO;
				GCC_NO_COMMON_BLOCKS = YES;
				GCC_OPTIMIZATION_LEVEL = 0;
				GCC_PREPROCESSOR_DEFINITIONS = (
					"DEBUG=1",
					"$(inherited)",
				);
				GCC_WARN_64_TO_32_BIT_CONVERSION = YES;
				GCC_WARN_ABOUT_RETURN_TYPE = YES_ERROR;
				GCC_WARN_UNDECLARED_SELECTOR = YES;
				GCC_WARN_UNINITIALIZED_AUTOS = YES_AGGRESSIVE;
				GCC_WARN_UNUSED_FUNCTION = YES;
				GCC_WARN_UNUSED_VARIABLE = YES;
				MACOSX_DEPLOYMENT_TARGET = 10.11;
				MTL_ENABLE_DEBUG_INFO = YES;
				ONLY_ACTIVE_ARCH = YES;
				SDKROOT = macosx;
				SWIFT_OPTIMIZATION_LEVEL = "-Onone";
			};
			name = Debug;
		};
		4E8CB5DE1CB759C400769F0D /* Release */ = {
			isa = XCBuildConfiguration;
			buildSettings = {
				ALWAYS_SEARCH_USER_PATHS = NO;
				CLANG_ANALYZER_NONNULL = YES;
				CLANG_CXX_LANGUAGE_STANDARD = "gnu++0x";
				CLANG_CXX_LIBRARY = "libc++";
				CLANG_ENABLE_MODULES = YES;
				CLANG_ENABLE_OBJC_ARC = YES;
				CLANG_WARN_BOOL_CONVERSION = YES;
				CLANG_WARN_CONSTANT_CONVERSION = YES;
				CLANG_WARN_DIRECT_OBJC_ISA_USAGE = YES_ERROR;
				CLANG_WARN_EMPTY_BODY = YES;
				CLANG_WARN_ENUM_CONVERSION = YES;
				CLANG_WARN_INT_CONVERSION = YES;
				CLANG_WARN_OBJC_ROOT_CLASS = YES_ERROR;
				CLANG_WARN_UNREACHABLE_CODE = YES;
				CLANG_WARN__DUPLICATE_METHOD_MATCH = YES;
				CODE_SIGN_IDENTITY = "-";
				COPY_PHASE_STRIP = NO;
				DEBUG_INFORMATION_FORMAT = "dwarf-with-dsym";
				ENABLE_NS_ASSERTIONS = NO;
				ENABLE_STRICT_OBJC_MSGSEND = YES;
				GCC_C_LANGUAGE_STANDARD = gnu99;
				GCC_NO_COMMON_BLOCKS = YES;
				GCC_WARN_64_TO_32_BIT_CONVERSION = YES;
				GCC_WARN_ABOUT_RETURN_TYPE = YES_ERROR;
				GCC_WARN_UNDECLARED_SELECTOR = YES;
				GCC_WARN_UNINITIALIZED_AUTOS = YES_AGGRESSIVE;
				GCC_WARN_UNUSED_FUNCTION = YES;
				GCC_WARN_UNUSED_VARIABLE = YES;
				MACOSX_DEPLOYMENT_TARGET = 10.11;
				MTL_ENABLE_DEBUG_INFO = NO;
				SDKROOT = macosx;
			};
			name = Release;
		};
		4E8CB5E01CB759C400769F0D /* Debug */ = {
			isa = XCBuildConfiguration;
			buildSettings = {
				ASSETCATALOG_COMPILER_APPICON_NAME = AppIcon;
				CODE_SIGN_IDENTITY = "Developer ID Application";
				COMBINE_HIDPI_IMAGES = YES;
				INFOPLIST_FILE = WOPIAuth/Info.plist;
				LD_RUNPATH_SEARCH_PATHS = "$(inherited) @executable_path/../Frameworks";
				MACOSX_DEPLOYMENT_TARGET = 10.11;
				PRODUCT_BUNDLE_IDENTIFIER = com.microsoft.office.WOPIAuth;
				PRODUCT_NAME = "$(TARGET_NAME)";
			};
			name = Debug;
		};
		4E8CB5E11CB759C400769F0D /* Release */ = {
			isa = XCBuildConfiguration;
			buildSettings = {
				ASSETCATALOG_COMPILER_APPICON_NAME = AppIcon;
				CODE_SIGN_IDENTITY = "Developer ID Application";
				COMBINE_HIDPI_IMAGES = YES;
				INFOPLIST_FILE = WOPIAuth/Info.plist;
				LD_RUNPATH_SEARCH_PATHS = "$(inherited) @executable_path/../Frameworks";
				MACOSX_DEPLOYMENT_TARGET = 10.11;
				PRODUCT_BUNDLE_IDENTIFIER = com.microsoft.office.WOPIAuth;
				PRODUCT_NAME = "$(TARGET_NAME)";
			};
			name = Release;
		};
		4E8CB5E31CB759C400769F0D /* Debug */ = {
			isa = XCBuildConfiguration;
			buildSettings = {
				BUNDLE_LOADER = "$(TEST_HOST)";
				COMBINE_HIDPI_IMAGES = YES;
				INFOPLIST_FILE = WOPIAuthTests/Info.plist;
				LD_RUNPATH_SEARCH_PATHS = "$(inherited) @executable_path/../Frameworks @loader_path/../Frameworks";
				PRODUCT_BUNDLE_IDENTIFIER = com.microsoft.office.WOPIAuthTests;
				PRODUCT_NAME = "$(TARGET_NAME)";
				TEST_HOST = "$(BUILT_PRODUCTS_DIR)/WOPIAuth.app/Contents/MacOS/WOPIAuth";
			};
			name = Debug;
		};
		4E8CB5E41CB759C400769F0D /* Release */ = {
			isa = XCBuildConfiguration;
			buildSettings = {
				BUNDLE_LOADER = "$(TEST_HOST)";
				COMBINE_HIDPI_IMAGES = YES;
				INFOPLIST_FILE = WOPIAuthTests/Info.plist;
				LD_RUNPATH_SEARCH_PATHS = "$(inherited) @executable_path/../Frameworks @loader_path/../Frameworks";
				PRODUCT_BUNDLE_IDENTIFIER = com.microsoft.office.WOPIAuthTests;
				PRODUCT_NAME = "$(TARGET_NAME)";
				TEST_HOST = "$(BUILT_PRODUCTS_DIR)/WOPIAuth.app/Contents/MacOS/WOPIAuth";
			};
			name = Release;
		};
		4E8CB5E61CB759C400769F0D /* Debug */ = {
			isa = XCBuildConfiguration;
			buildSettings = {
				COMBINE_HIDPI_IMAGES = YES;
				INFOPLIST_FILE = WOPIAuthUITests/Info.plist;
				LD_RUNPATH_SEARCH_PATHS = "$(inherited) @executable_path/../Frameworks @loader_path/../Frameworks";
				PRODUCT_BUNDLE_IDENTIFIER = com.microsoft.office.WOPIAuthUITests;
				PRODUCT_NAME = "$(TARGET_NAME)";
				TEST_TARGET_NAME = WOPIAuth;
			};
			name = Debug;
		};
		4E8CB5E71CB759C400769F0D /* Release */ = {
			isa = XCBuildConfiguration;
			buildSettings = {
				COMBINE_HIDPI_IMAGES = YES;
				INFOPLIST_FILE = WOPIAuthUITests/Info.plist;
				LD_RUNPATH_SEARCH_PATHS = "$(inherited) @executable_path/../Frameworks @loader_path/../Frameworks";
				PRODUCT_BUNDLE_IDENTIFIER = com.microsoft.office.WOPIAuthUITests;
				PRODUCT_NAME = "$(TARGET_NAME)";
				TEST_TARGET_NAME = WOPIAuth;
			};
			name = Release;
		};
/* End XCBuildConfiguration section */

/* Begin XCConfigurationList section */
		4E0A51511CF784C800F4F64C /* Build configuration list for PBXNativeTarget "WOPIAuthModelTests" */ = {
			isa = XCConfigurationList;
			buildConfigurations = (
				4E0A51521CF784C800F4F64C /* Debug */,
				4E0A51531CF784C800F4F64C /* Release */,
			);
			defaultConfigurationIsVisible = 0;
			defaultConfigurationName = Release;
		};
		4E8CB5B51CB759C400769F0D /* Build configuration list for PBXProject "WOPIAuth" */ = {
			isa = XCConfigurationList;
			buildConfigurations = (
				4E8CB5DD1CB759C400769F0D /* Debug */,
				4E8CB5DE1CB759C400769F0D /* Release */,
			);
			defaultConfigurationIsVisible = 0;
			defaultConfigurationName = Release;
		};
		4E8CB5DF1CB759C400769F0D /* Build configuration list for PBXNativeTarget "WOPIAuth" */ = {
			isa = XCConfigurationList;
			buildConfigurations = (
				4E8CB5E01CB759C400769F0D /* Debug */,
				4E8CB5E11CB759C400769F0D /* Release */,
			);
			defaultConfigurationIsVisible = 0;
			defaultConfigurationName = Release;
		};
		4E8CB5E21CB759C400769F0D /* Build configuration list for PBXNativeTarget "WOPIAuthTests" */ = {
			isa = XCConfigurationList;
			buildConfigurations = (
				4E8CB5E31CB759C400769F0D /* Debug */,
				4E8CB5E41CB759C400769F0D /* Release */,
			);
			defaultConfigurationIsVisible = 0;
			defaultConfigurationName = Release;
		};
		4E8CB5E51CB759C400769F0D /* Build configuration list for PBXNativeTarget "WOPIAuthUITests" */ = {
			isa = XCConfigurationList;
			buildConfigurations = (
				4E8CB5E61CB759C400769F0D /* Debug */,
				4E8CB5E71CB759C400769F0D /* Release */,
			);
			defaultConfigurationIsVisible = 0;
			defaultConfigurationName = Release;
		};
/* End XCConfigurationList section */
	};
	rootObject = 4E8CB5B21CB759C400769F0D /* Project object */;
}
